
Microsoft Visual Studio Solution File, Format Version 12.00
# Visual Studio Version 17
VisualStudioVersion = 17.9.34714.143
MinimumVisualStudioVersion = 10.0.40219.1
Project("{FAE04EC0-301F-11D3-BF4B-00C04F79EFBC}") = "dotInstrukcije.API", "dotInstrukcije.API\dotInstrukcije.API.csproj", "{AB178F2F-C27B-4709-8DC1-878A2006AFA7}"
EndProject
Global
	GlobalSection(SolutionConfigurationPlatforms) = preSolution
		Debug|Any CPU = Debug|Any CPU
		Release|Any CPU = Release|Any CPU
	EndGlobalSection
	GlobalSection(ProjectConfigurationPlatforms) = postSolution
		{AB178F2F-C27B-4709-8DC1-878A2006AFA7}.Debug|Any CPU.ActiveCfg = Debug|Any CPU
		{AB178F2F-C27B-4709-8DC1-878A2006AFA7}.Debug|Any CPU.Build.0 = Debug|Any CPU
		{AB178F2F-C27B-4709-8DC1-878A2006AFA7}.Release|Any CPU.ActiveCfg = Release|Any CPU
		{AB178F2F-C27B-4709-8DC1-878A2006AFA7}.Release|Any CPU.Build.0 = Release|Any CPU
	EndGlobalSection
	GlobalSection(SolutionProperties) = preSolution
		HideSolutionNode = FALSE
	EndGlobalSection
	GlobalSection(ExtensibilityGlobals) = postSolution
		SolutionGuid = {20B22DCD-455A-4831-A19A-119D733C0FD8}
	EndGlobalSection
EndGlobal
